
Microsoft Visual Studio Solution File, Format Version 12.00
# Visual Studio Version 16
VisualStudioVersion = 16.0.30503.244
MinimumVisualStudioVersion = 10.0.40219.1
Project("{FAE04EC0-301F-11D3-BF4B-00C04F79EFBC}") = "Ejercicios", "Ejercicios.csproj", "{1D0A5DDD-7881-4437-89B2-1B0949BE0E71}"
EndProject
Global
	GlobalSection(SolutionConfigurationPlatforms) = preSolution
		Debug|Any CPU = Debug|Any CPU
		Release|Any CPU = Release|Any CPU
	EndGlobalSection
	GlobalSection(ProjectConfigurationPlatforms) = postSolution
		{1D0A5DDD-7881-4437-89B2-1B0949BE0E71}.Debug|Any CPU.ActiveCfg = Debug|Any CPU
		{1D0A5DDD-7881-4437-89B2-1B0949BE0E71}.Debug|Any CPU.Build.0 = Debug|Any CPU
		{1D0A5DDD-7881-4437-89B2-1B0949BE0E71}.Release|Any CPU.ActiveCfg = Release|Any CPU
		{1D0A5DDD-7881-4437-89B2-1B0949BE0E71}.Release|Any CPU.Build.0 = Release|Any CPU
	EndGlobalSection
	GlobalSection(SolutionProperties) = preSolution
		HideSolutionNode = FALSE
	EndGlobalSection
	GlobalSection(ExtensibilityGlobals) = postSolution
		SolutionGuid = {81D691D8-8B94-484E-9159-C1D4C7327362}
	EndGlobalSection
EndGlobal
